
Microsoft Visual Studio Solution File, Format Version 12.00
# Visual Studio 14
VisualStudioVersion = 14.0.25123.0
MinimumVisualStudioVersion = 10.0.40219.1
Project("{8BC9CEB8-8B4A-11D0-8D11-00A0C91BC942}") = "1-Templates", "1-Templates\1-Templates.vcxproj", "{004A4689-807D-4B23-942F-6FB6EFC3E9E8}"
EndProject
Project("{8BC9CEB8-8B4A-11D0-8D11-00A0C91BC942}") = "Containers", "Containers\Containers.vcxproj", "{8EDEF005-8E93-4868-A1C1-EEB1C9DA071C}"
EndProject
Global
	GlobalSection(SolutionConfigurationPlatforms) = preSolution
		Debug|x64 = Debug|x64
		Debug|x86 = Debug|x86
		Release|x64 = Release|x64
		Release|x86 = Release|x86
	EndGlobalSection
	GlobalSection(ProjectConfigurationPlatforms) = postSolution
		{004A4689-807D-4B23-942F-6FB6EFC3E9E8}.Debug|x64.ActiveCfg = Debug|x64
		{004A4689-807D-4B23-942F-6FB6EFC3E9E8}.Debug|x64.Build.0 = Debug|x64
		{004A4689-807D-4B23-942F-6FB6EFC3E9E8}.Debug|x86.ActiveCfg = Debug|Win32
		{004A4689-807D-4B23-942F-6FB6EFC3E9E8}.Debug|x86.Build.0 = Debug|Win32
		{004A4689-807D-4B23-942F-6FB6EFC3E9E8}.Release|x64.ActiveCfg = Release|x64
		{004A4689-807D-4B23-942F-6FB6EFC3E9E8}.Release|x64.Build.0 = Release|x64
		{004A4689-807D-4B23-942F-6FB6EFC3E9E8}.Release|x86.ActiveCfg = Release|Win32
		{004A4689-807D-4B23-942F-6FB6EFC3E9E8}.Release|x86.Build.0 = Release|Win32
		{8EDEF005-8E93-4868-A1C1-EEB1C9DA071C}.Debug|x64.ActiveCfg = Debug|x64
		{8EDEF005-8E93-4868-A1C1-EEB1C9DA071C}.Debug|x64.Build.0 = Debug|x64
		{8EDEF005-8E93-4868-A1C1-EEB1C9DA071C}.Debug|x86.ActiveCfg = Debug|Win32
		{8EDEF005-8E93-4868-A1C1-EEB1C9DA071C}.Debug|x86.Build.0 = Debug|Win32
		{8EDEF005-8E93-4868-A1C1-EEB1C9DA071C}.Release|x64.ActiveCfg = Release|x64
		{8EDEF005-8E93-4868-A1C1-EEB1C9DA071C}.Release|x64.Build.0 = Release|x64
		{8EDEF005-8E93-4868-A1C1-EEB1C9DA071C}.Release|x86.ActiveCfg = Release|Win32
		{8EDEF005-8E93-4868-A1C1-EEB1C9DA071C}.Release|x86.Build.0 = Release|Win32
	EndGlobalSection
	GlobalSection(SolutionProperties) = preSolution
		HideSolutionNode = FALSE
	EndGlobalSection
EndGlobal
